
Microsoft Visual Studio Solution File, Format Version 12.00
Project("{FAE04EC0-301F-11D3-BF4B-00C04F79EFBC}") = "Editor", "Editor\Editor.csproj", "{23121D2F-87BD-4987-8B83-A63E886A47EB}"
EndProject
Project("{FAE04EC0-301F-11D3-BF4B-00C04F79EFBC}") = "Portfolio", "Portfolio\Portfolio.csproj", "{129437F3-E43E-4B6A-A242-350C0F3F7ECA}"
EndProject
Project("{FAE04EC0-301F-11D3-BF4B-00C04F79EFBC}") = "SharedLib", "SharedLib\SharedLib.csproj", "{4952E138-CE98-4200-9893-61D7C429250B}"
EndProject
Global
	GlobalSection(SolutionConfigurationPlatforms) = preSolution
		Debug|Any CPU = Debug|Any CPU
		Release|Any CPU = Release|Any CPU
	EndGlobalSection
	GlobalSection(ProjectConfigurationPlatforms) = postSolution
		{23121D2F-87BD-4987-8B83-A63E886A47EB}.Debug|Any CPU.ActiveCfg = Debug|Any CPU
		{23121D2F-87BD-4987-8B83-A63E886A47EB}.Debug|Any CPU.Build.0 = Debug|Any CPU
		{23121D2F-87BD-4987-8B83-A63E886A47EB}.Release|Any CPU.ActiveCfg = Release|Any CPU
		{23121D2F-87BD-4987-8B83-A63E886A47EB}.Release|Any CPU.Build.0 = Release|Any CPU
		{129437F3-E43E-4B6A-A242-350C0F3F7ECA}.Debug|Any CPU.ActiveCfg = Debug|Any CPU
		{129437F3-E43E-4B6A-A242-350C0F3F7ECA}.Debug|Any CPU.Build.0 = Debug|Any CPU
		{129437F3-E43E-4B6A-A242-350C0F3F7ECA}.Release|Any CPU.ActiveCfg = Release|Any CPU
		{129437F3-E43E-4B6A-A242-350C0F3F7ECA}.Release|Any CPU.Build.0 = Release|Any CPU
		{4952E138-CE98-4200-9893-61D7C429250B}.Debug|Any CPU.ActiveCfg = Debug|Any CPU
		{4952E138-CE98-4200-9893-61D7C429250B}.Debug|Any CPU.Build.0 = Debug|Any CPU
		{4952E138-CE98-4200-9893-61D7C429250B}.Release|Any CPU.ActiveCfg = Release|Any CPU
		{4952E138-CE98-4200-9893-61D7C429250B}.Release|Any CPU.Build.0 = Release|Any CPU
	EndGlobalSection
EndGlobal
